{
  "version": 4,
  "terraform_version": "1.3.6",
  "serial": 86,
  "lineage": "ab7aff98-41b1-a764-6283-4e14dc6cf633",
  "outputs": {},
  "resources": [
    {
      "mode": "managed",
      "type": "aws_iam_group",
      "name": "admin_users",
      "provider": "provider[\"registry.terraform.io/hashicorp/aws\"]",
      "instances": [
        {
          "schema_version": 0,
          "attributes": {
            "arn": "arn:aws:iam::070564344893:group/admins_1",
            "id": "admins_1",
            "name": "admins_1",
            "path": "/",
            "unique_id": "AGPARA3PWOQ65PIIZ2JSA"
          },
          "sensitive_attributes": [],
          "private": "bnVsbA=="
        }
      ]
    },
    {
      "mode": "managed",
      "type": "aws_iam_group",
      "name": "data_users",
      "provider": "provider[\"registry.terraform.io/hashicorp/aws\"]",
      "instances": [
        {
          "schema_version": 0,
          "attributes": {
            "arn": "arn:aws:iam::070564344893:group/data",
            "id": "data",
            "name": "data",
            "path": "/",
            "unique_id": "AGPARA3PWOQ6WYQKRIGPE"
          },
          "sensitive_attributes": [],
          "private": "bnVsbA=="
        }
      ]
    },
    {
      "mode": "managed",
      "type": "aws_iam_group",
      "name": "dev_users",
      "provider": "provider[\"registry.terraform.io/hashicorp/aws\"]",
      "instances": [
        {
          "schema_version": 0,
          "attributes": {
            "arn": "arn:aws:iam::070564344893:group/devs",
            "id": "devs",
            "name": "devs",
            "path": "/",
            "unique_id": "AGPARA3PWOQ6XCHJE35RZ"
          },
          "sensitive_attributes": [],
          "private": "bnVsbA=="
        }
      ]
    },
    {
      "mode": "managed",
      "type": "aws_iam_group",
      "name": "monitoring_users",
      "provider": "provider[\"registry.terraform.io/hashicorp/aws\"]",
      "instances": [
        {
          "schema_version": 0,
          "attributes": {
            "arn": "arn:aws:iam::070564344893:group/monitoring",
            "id": "monitoring",
            "name": "monitoring",
            "path": "/",
            "unique_id": "AGPARA3PWOQ65ON76OQKN"
          },
          "sensitive_attributes": [],
          "private": "bnVsbA=="
        }
      ]
    },
    {
      "mode": "managed",
      "type": "aws_iam_group",
      "name": "ops_users",
      "provider": "provider[\"registry.terraform.io/hashicorp/aws\"]",
      "instances": [
        {
          "schema_version": 0,
          "attributes": {
            "arn": "arn:aws:iam::070564344893:group/ops",
            "id": "ops",
            "name": "ops",
            "path": "/",
            "unique_id": "AGPARA3PWOQ67OAVIKQOS"
          },
          "sensitive_attributes": [],
          "private": "bnVsbA=="
        }
      ]
    },
    {
      "mode": "managed",
      "type": "aws_iam_group_membership",
      "name": "admin_users",
      "provider": "provider[\"registry.terraform.io/hashicorp/aws\"]",
      "instances": [
        {
          "schema_version": 0,
          "attributes": {
            "group": "admins_1",
            "id": "admin_group",
            "name": "admin_group",
            "users": [
              "David",
              "John",
              "Joseph",
              "Julian",
              "Leo",
              "Luke",
              "Wyatt"
            ]
          },
          "sensitive_attributes": [],
          "private": "bnVsbA==",
          "dependencies": [
            "aws_iam_group.admin_users"
          ]
        }
      ]
    },
    {
      "mode": "managed",
      "type": "aws_iam_group_membership",
      "name": "data_users",
      "provider": "provider[\"registry.terraform.io/hashicorp/aws\"]",
      "instances": [
        {
          "schema_version": 0,
          "attributes": {
            "group": "data",
            "id": "data_group",
            "name": "data_group",
            "users": [
              "Aiden",
              "Asher",
              "Jacob",
              "Logan",
              "Owen",
              "Samuel"
            ]
          },
          "sensitive_attributes": [],
          "private": "bnVsbA==",
          "dependencies": [
            "aws_iam_group.data_users"
          ]
        }
      ]
    },
    {
      "mode": "managed",
      "type": "aws_iam_group_membership",
      "name": "dev_users",
      "provider": "provider[\"registry.terraform.io/hashicorp/aws\"]",
      "instances": [
        {
          "schema_version": 0,
          "attributes": {
            "group": "devs",
            "id": "dev_group",
            "name": "dev_group",
            "users": [
              "Benjamin",
              "Elijah",
              "Henry",
              "James",
              "Liam",
              "Lucas",
              "Noah",
              "Oliver",
              "William"
            ]
          },
          "sensitive_attributes": [],
          "private": "bnVsbA==",
          "dependencies": [
            "aws_iam_group.dev_users"
          ]
        }
      ]
    },
    {
      "mode": "managed",
      "type": "aws_iam_group_membership",
      "name": "monitoring_users",
      "provider": "provider[\"registry.terraform.io/hashicorp/aws\"]",
      "instances": [
        {
          "schema_version": 0,
          "attributes": {
            "group": "monitoring",
            "id": "monitoring_group",
            "name": "monitoring_group",
            "users": [
              "Daniel",
              "Ethan",
              "Mason",
              "Michael",
              "Sebastian"
            ]
          },
          "sensitive_attributes": [],
          "private": "bnVsbA==",
          "dependencies": [
            "aws_iam_group.monitoring_users"
          ]
        }
      ]
    },
    {
      "mode": "managed",
      "type": "aws_iam_group_membership",
      "name": "ops_users",
      "provider": "provider[\"registry.terraform.io/hashicorp/aws\"]",
      "instances": [
        {
          "schema_version": 0,
          "attributes": {
            "group": "ops",
            "id": "ops_group",
            "name": "ops_group",
            "users": [
              "Alexander",
              "Jack",
              "Jackson",
              "Levi",
              "Mateo",
              "Theodore"
            ]
          },
          "sensitive_attributes": [],
          "private": "bnVsbA==",
          "dependencies": [
            "aws_iam_group.ops_users"
          ]
        }
      ]
    },
    {
      "mode": "managed",
      "type": "aws_iam_group_policy",
      "name": "admin_policy",
      "provider": "provider[\"registry.terraform.io/hashicorp/aws\"]",
      "instances": [
        {
          "schema_version": 0,
          "attributes": {
            "group": "admins_1",
            "id": "admins_1:admin_policy",
            "name": "admin_policy",
            "name_prefix": null,
            "policy": "{\n    \"Version\": \"2012-10-17\",\n    \"Statement\": [\n        {\n            \"Effect\": \"Allow\",\n            \"Action\": \"*\",\n            \"Resource\": \"*\"\n        }\n    ]\n}"
          },
          "sensitive_attributes": [],
          "private": "bnVsbA==",
          "dependencies": [
            "aws_iam_group.admin_users"
          ]
        }
      ]
    },
    {
      "mode": "managed",
      "type": "aws_iam_group_policy",
      "name": "data_policy",
      "provider": "provider[\"registry.terraform.io/hashicorp/aws\"]",
      "instances": [
        {
          "schema_version": 0,
          "attributes": {
            "group": "data",
            "id": "data:data_policy",
            "name": "data_policy",
            "name_prefix": null,
            "policy": "{\n    \"Version\": \"2012-10-17\",\n    \"Statement\": [\n        {\n            \"Sid\": \"VisualEditor0\",\n            \"Effect\": \"Allow\",\n            \"Action\": [\n                \"ec2:GetResourcePolicy\",\n                \"ec2:GetDefaultCreditSpecification\",\n                \"ec2:GetIpamResourceCidrs\",\n                \"ec2:GetIpamPoolCidrs\",\n                \"ec2:GetInstanceUefiData\",\n                \"rds:*\",\n                \"ec2:GetEbsEncryptionByDefault\",\n                \"ec2:ExportClientVpnClientConfiguration\",\n                \"ec2:GetCapacityReservationUsage\",\n                \"ec2:GetHostReservationPurchasePreview\",\n                \"ec2:GetNetworkInsightsAccessScopeAnalysisFindings\",\n                \"ec2:GetSubnetCidrReservations\",\n                \"ec2:GetConsoleScreenshot\",\n                \"ec2:GetConsoleOutput\",\n                \"ec2:ExportClientVpnClientCertificateRevocationList\",\n                \"ec2:GetLaunchTemplateData\",\n                \"ec2:GetSerialConsoleAccessStatus\",\n                \"ec2:GetFlowLogsIntegrationTemplate\",\n                \"ec2:GetEbsDefaultKmsKeyId\",\n                \"ec2:GetManagedPrefixListEntries\",\n                \"ec2:GetCoipPoolUsage\",\n                \"ec2:GetNetworkInsightsAccessScopeContent\",\n                \"ec2:GetReservedInstancesExchangeQuote\",\n                \"ec2:GetAssociatedEnclaveCertificateIamRoles\",\n                \"ec2:GetIpamAddressHistory\",\n                \"ec2:GetPasswordData\",\n                \"ec2:GetAssociatedIpv6PoolCidrs\",\n                \"ec2:GetSpotPlacementScores\",\n                \"ec2:GetManagedPrefixListAssociations\",\n                \"ec2:GetAwsNetworkPerformanceData\"\n            ],\n            \"Resource\": \"*\"\n        }\n    ]\n}"
          },
          "sensitive_attributes": [],
          "private": "bnVsbA==",
          "dependencies": [
            "aws_iam_group.data_users"
          ]
        }
      ]
    },
    {
      "mode": "managed",
      "type": "aws_iam_group_policy",
      "name": "dev_policy",
      "provider": "provider[\"registry.terraform.io/hashicorp/aws\"]",
      "instances": [
        {
          "schema_version": 0,
          "attributes": {
            "group": "devs",
            "id": "devs:dev_policy",
            "name": "dev_policy",
            "name_prefix": null,
            "policy": "{\n    \"Version\": \"2012-10-17\",\n    \"Statement\": [\n        {\n            \"Sid\": \"VisualEditor0\",\n            \"Effect\": \"Allow\",\n            \"Action\": [\n                \"s3:Get*\",\n                \"ec2:*\",\n                \"s3:List*\"\n            ],\n            \"Resource\": \"*\"\n        }\n    ]\n}"
          },
          "sensitive_attributes": [],
          "private": "bnVsbA==",
          "dependencies": [
            "aws_iam_group.dev_users"
          ]
        }
      ]
    },
    {
      "mode": "managed",
      "type": "aws_iam_group_policy",
      "name": "ops_policy",
      "provider": "provider[\"registry.terraform.io/hashicorp/aws\"]",
      "instances": [
        {
          "schema_version": 0,
          "attributes": {
            "group": "ops",
            "id": "ops:ops_policy",
            "name": "ops_policy",
            "name_prefix": null,
            "policy": "{\n    \"Version\": \"2012-10-17\",\n    \"Statement\": [\n        {\n            \"Sid\": \"VisualEditor0\",\n            \"Effect\": \"Deny\",\n            \"Action\": [\n                \"ssm:GetAutomationExecution\",\n                \"ssm:GetDefaultPatchBaseline\",\n                \"ssm:DescribeDocument\",\n                \"ssm:DescribeInstancePatches\",\n                \"ssm:GetPatchBaselineForPatchGroup\",\n                \"ssm:PutConfigurePackageResult\",\n                \"ssm:GetParameter\",\n                \"ssm:GetMaintenanceWindowExecutionTaskInvocation\",\n                \"ssm:DescribeAutomationExecutions\",\n                \"ssm:GetManifest\",\n                \"ssm:GetMaintenanceWindowTask\",\n                \"ssm:DescribeAutomationStepExecutions\",\n                \"ssm:DescribeInstancePatchStates\",\n                \"ssm:DescribeInstancePatchStatesForPatchGroup\",\n                \"ssm:GetDocument\",\n                \"ssm:GetInventorySchema\",\n                \"ssm:GetParametersByPath\",\n                \"ssm:GetMaintenanceWindow\",\n                \"ssm:DescribeInstanceAssociationsStatus\",\n                \"ssm:DescribeAssociationExecutionTargets\",\n                \"ssm:GetPatchBaseline\",\n                \"ssm:DescribeInstanceProperties\",\n                \"ssm:DescribeAssociation\",\n                \"ssm:GetConnectionStatus\",\n                \"ssm:GetMaintenanceWindowExecutionTask\",\n                \"ssm:GetDeployablePatchSnapshotForInstance\",\n                \"ssm:GetOpsItem\",\n                \"ssm:GetParameterHistory\",\n                \"ssm:GetMaintenanceWindowExecution\",\n                \"ssm:DescribeInventoryDeletions\",\n                \"ssm:DescribeEffectiveInstanceAssociations\",\n                \"ssm:GetParameters\",\n                \"ssm:GetInventory\",\n                \"ssm:GetOpsSummary\",\n                \"ssm:DescribeActivations\",\n                \"ssm:GetOpsMetadata\",\n                \"ssm:DescribeOpsItems\",\n                \"ssm:GetCommandInvocation\",\n                \"ssm:DescribeInstanceInformation\",\n                \"ssm:DescribeDocumentParameters\",\n                \"ssm:DescribeEffectivePatchesForPatchBaseline\",\n                \"ssm:GetServiceSetting\",\n                \"ssm:DescribeAssociationExecutions\",\n                \"ssm:GetCalendar\",\n                \"ssm:DescribeDocumentPermission\",\n                \"ssm:GetCalendarState\",\n                \"ssm:DescribeAvailablePatches\"\n            ],\n            \"Resource\": \"*\"\n        }\n    ]\n}"
          },
          "sensitive_attributes": [],
          "private": "bnVsbA==",
          "dependencies": [
            "aws_iam_group.ops_users"
          ]
        }
      ]
    },
    {
      "mode": "managed",
      "type": "aws_iam_group_policy_attachment",
      "name": "managed_monitoring_policy",
      "provider": "provider[\"registry.terraform.io/hashicorp/aws\"]",
      "instances": [
        {
          "schema_version": 0,
          "attributes": {
            "group": "monitoring",
            "id": "monitoring-20221230064521011700000003",
            "policy_arn": "arn:aws:iam::aws:policy/ReadOnlyAccess"
          },
          "sensitive_attributes": [],
          "private": "bnVsbA==",
          "dependencies": [
            "aws_iam_group.monitoring_users"
          ]
        }
      ]
    },
    {
      "mode": "managed",
      "type": "aws_iam_group_policy_attachment",
      "name": "managed_monitoring_policy_2",
      "provider": "provider[\"registry.terraform.io/hashicorp/aws\"]",
      "instances": [
        {
          "schema_version": 0,
          "attributes": {
            "group": "monitoring",
            "id": "monitoring-20221230064520974600000001",
            "policy_arn": "arn:aws:iam::aws:policy/CloudWatchFullAccess"
          },
          "sensitive_attributes": [],
          "private": "bnVsbA==",
          "dependencies": [
            "aws_iam_group.monitoring_users"
          ]
        }
      ]
    },
    {
      "mode": "managed",
      "type": "aws_iam_group_policy_attachment",
      "name": "managed_ops_policy",
      "provider": "provider[\"registry.terraform.io/hashicorp/aws\"]",
      "instances": [
        {
          "schema_version": 0,
          "attributes": {
            "group": "ops",
            "id": "ops-20221230064520986200000002",
            "policy_arn": "arn:aws:iam::aws:policy/ReadOnlyAccess"
          },
          "sensitive_attributes": [],
          "private": "bnVsbA==",
          "dependencies": [
            "aws_iam_group.ops_users"
          ]
        }
      ]
    },
    {
      "mode": "managed",
      "type": "aws_iam_user",
      "name": "admin_users",
      "provider": "provider[\"registry.terraform.io/hashicorp/aws\"]",
      "instances": [
        {
          "index_key": 0,
          "schema_version": 0,
          "attributes": {
            "arn": "arn:aws:iam::070564344893:user/John",
            "force_destroy": false,
            "id": "John",
            "name": "John",
            "path": "/",
            "permissions_boundary": null,
            "tags": {},
            "tags_all": {},
            "unique_id": "AIDARA3PWOQ6XITSYRWUV"
          },
          "sensitive_attributes": [],
          "private": "bnVsbA=="
        },
        {
          "index_key": 1,
          "schema_version": 0,
          "attributes": {
            "arn": "arn:aws:iam::070564344893:user/Joseph",
            "force_destroy": false,
            "id": "Joseph",
            "name": "Joseph",
            "path": "/",
            "permissions_boundary": null,
            "tags": {},
            "tags_all": {},
            "unique_id": "AIDARA3PWOQ66MCB6MGQ5"
          },
          "sensitive_attributes": [],
          "private": "bnVsbA=="
        },
        {
          "index_key": 2,
          "schema_version": 0,
          "attributes": {
            "arn": "arn:aws:iam::070564344893:user/Wyatt",
            "force_destroy": false,
            "id": "Wyatt",
            "name": "Wyatt",
            "path": "/",
            "permissions_boundary": null,
            "tags": {},
            "tags_all": {},
            "unique_id": "AIDARA3PWOQ6WUW4W3CTH"
          },
          "sensitive_attributes": [],
          "private": "bnVsbA=="
        },
        {
          "index_key": 3,
          "schema_version": 0,
          "attributes": {
            "arn": "arn:aws:iam::070564344893:user/David",
            "force_destroy": false,
            "id": "David",
            "name": "David",
            "path": "/",
            "permissions_boundary": null,
            "tags": {},
            "tags_all": {},
            "unique_id": "AIDARA3PWOQ66DNYN27C6"
          },
          "sensitive_attributes": [],
          "private": "bnVsbA=="
        },
        {
          "index_key": 4,
          "schema_version": 0,
          "attributes": {
            "arn": "arn:aws:iam::070564344893:user/Leo",
            "force_destroy": false,
            "id": "Leo",
            "name": "Leo",
            "path": "/",
            "permissions_boundary": null,
            "tags": {},
            "tags_all": {},
            "unique_id": "AIDARA3PWOQ6VNHGYZ22A"
          },
          "sensitive_attributes": [],
          "private": "bnVsbA=="
        },
        {
          "index_key": 5,
          "schema_version": 0,
          "attributes": {
            "arn": "arn:aws:iam::070564344893:user/Luke",
            "force_destroy": false,
            "id": "Luke",
            "name": "Luke",
            "path": "/",
            "permissions_boundary": null,
            "tags": {},
            "tags_all": {},
            "unique_id": "AIDARA3PWOQ64IWE4NK4F"
          },
          "sensitive_attributes": [],
          "private": "bnVsbA=="
        },
        {
          "index_key": 6,
          "schema_version": 0,
          "attributes": {
            "arn": "arn:aws:iam::070564344893:user/Julian",
            "force_destroy": false,
            "id": "Julian",
            "name": "Julian",
            "path": "/",
            "permissions_boundary": null,
            "tags": {},
            "tags_all": {},
            "unique_id": "AIDARA3PWOQ63KYYDTZNH"
          },
          "sensitive_attributes": [],
          "private": "bnVsbA=="
        }
      ]
    },
    {
      "mode": "managed",
      "type": "aws_iam_user",
      "name": "data_users",
      "provider": "provider[\"registry.terraform.io/hashicorp/aws\"]",
      "instances": [
        {
          "index_key": 0,
          "schema_version": 0,
          "attributes": {
            "arn": "arn:aws:iam::070564344893:user/Logan",
            "force_destroy": false,
            "id": "Logan",
            "name": "Logan",
            "path": "/",
            "permissions_boundary": null,
            "tags": {},
            "tags_all": {},
            "unique_id": "AIDARA3PWOQ6SIMVRKXLE"
          },
          "sensitive_attributes": [],
          "private": "bnVsbA=="
        },
        {
          "index_key": 1,
          "schema_version": 0,
          "attributes": {
            "arn": "arn:aws:iam::070564344893:user/Owen",
            "force_destroy": false,
            "id": "Owen",
            "name": "Owen",
            "path": "/",
            "permissions_boundary": null,
            "tags": {},
            "tags_all": {},
            "unique_id": "AIDARA3PWOQ6ZDZDHT2DZ"
          },
          "sensitive_attributes": [],
          "private": "bnVsbA=="
        },
        {
          "index_key": 2,
          "schema_version": 0,
          "attributes": {
            "arn": "arn:aws:iam::070564344893:user/Samuel",
            "force_destroy": false,
            "id": "Samuel",
            "name": "Samuel",
            "path": "/",
            "permissions_boundary": null,
            "tags": {},
            "tags_all": {},
            "unique_id": "AIDARA3PWOQ6QE4W4BD42"
          },
          "sensitive_attributes": [],
          "private": "bnVsbA=="
        },
        {
          "index_key": 3,
          "schema_version": 0,
          "attributes": {
            "arn": "arn:aws:iam::070564344893:user/Jacob",
            "force_destroy": false,
            "id": "Jacob",
            "name": "Jacob",
            "path": "/",
            "permissions_boundary": null,
            "tags": {},
            "tags_all": {},
            "unique_id": "AIDARA3PWOQ6UAUFMMYZ5"
          },
          "sensitive_attributes": [],
          "private": "bnVsbA=="
        },
        {
          "index_key": 4,
          "schema_version": 0,
          "attributes": {
            "arn": "arn:aws:iam::070564344893:user/Asher",
            "force_destroy": false,
            "id": "Asher",
            "name": "Asher",
            "path": "/",
            "permissions_boundary": null,
            "tags": {},
            "tags_all": {},
            "unique_id": "AIDARA3PWOQ6XCGEYWAWR"
          },
          "sensitive_attributes": [],
          "private": "bnVsbA=="
        },
        {
          "index_key": 5,
          "schema_version": 0,
          "attributes": {
            "arn": "arn:aws:iam::070564344893:user/Aiden",
            "force_destroy": false,
            "id": "Aiden",
            "name": "Aiden",
            "path": "/",
            "permissions_boundary": null,
            "tags": {},
            "tags_all": {},
            "unique_id": "AIDARA3PWOQ6UAN7Y6ARE"
          },
          "sensitive_attributes": [],
          "private": "bnVsbA=="
        }
      ]
    },
    {
      "mode": "managed",
      "type": "aws_iam_user",
      "name": "dev_users",
      "provider": "provider[\"registry.terraform.io/hashicorp/aws\"]",
      "instances": [
        {
          "index_key": 0,
          "schema_version": 0,
          "attributes": {
            "arn": "arn:aws:iam::070564344893:user/Liam",
            "force_destroy": false,
            "id": "Liam",
            "name": "Liam",
            "path": "/",
            "permissions_boundary": null,
            "tags": {},
            "tags_all": {},
            "unique_id": "AIDARA3PWOQ65WUMMIOCC"
          },
          "sensitive_attributes": [],
          "private": "bnVsbA=="
        },
        {
          "index_key": 1,
          "schema_version": 0,
          "attributes": {
            "arn": "arn:aws:iam::070564344893:user/Noah",
            "force_destroy": false,
            "id": "Noah",
            "name": "Noah",
            "path": "/",
            "permissions_boundary": null,
            "tags": {},
            "tags_all": {},
            "unique_id": "AIDARA3PWOQ67T3HZCYLW"
          },
          "sensitive_attributes": [],
          "private": "bnVsbA=="
        },
        {
          "index_key": 2,
          "schema_version": 0,
          "attributes": {
            "arn": "arn:aws:iam::070564344893:user/Oliver",
            "force_destroy": false,
            "id": "Oliver",
            "name": "Oliver",
            "path": "/",
            "permissions_boundary": null,
            "tags": {},
            "tags_all": {},
            "unique_id": "AIDARA3PWOQ6UTY25R3IF"
          },
          "sensitive_attributes": [],
          "private": "bnVsbA=="
        },
        {
          "index_key": 3,
          "schema_version": 0,
          "attributes": {
            "arn": "arn:aws:iam::070564344893:user/Elijah",
            "force_destroy": false,
            "id": "Elijah",
            "name": "Elijah",
            "path": "/",
            "permissions_boundary": null,
            "tags": {},
            "tags_all": {},
            "unique_id": "AIDARA3PWOQ6TG73GBI2W"
          },
          "sensitive_attributes": [],
          "private": "bnVsbA=="
        },
        {
          "index_key": 4,
          "schema_version": 0,
          "attributes": {
            "arn": "arn:aws:iam::070564344893:user/James",
            "force_destroy": false,
            "id": "James",
            "name": "James",
            "path": "/",
            "permissions_boundary": null,
            "tags": {},
            "tags_all": {},
            "unique_id": "AIDARA3PWOQ657SGPUR3G"
          },
          "sensitive_attributes": [],
          "private": "bnVsbA=="
        },
        {
          "index_key": 5,
          "schema_version": 0,
          "attributes": {
            "arn": "arn:aws:iam::070564344893:user/William",
            "force_destroy": false,
            "id": "William",
            "name": "William",
            "path": "/",
            "permissions_boundary": null,
            "tags": {},
            "tags_all": {},
            "unique_id": "AIDARA3PWOQ63P7D53SRH"
          },
          "sensitive_attributes": [],
          "private": "bnVsbA=="
        },
        {
          "index_key": 6,
          "schema_version": 0,
          "attributes": {
            "arn": "arn:aws:iam::070564344893:user/Benjamin",
            "force_destroy": false,
            "id": "Benjamin",
            "name": "Benjamin",
            "path": "/",
            "permissions_boundary": null,
            "tags": {},
            "tags_all": {},
            "unique_id": "AIDARA3PWOQ666RBF65WU"
          },
          "sensitive_attributes": [],
          "private": "bnVsbA=="
        },
        {
          "index_key": 7,
          "schema_version": 0,
          "attributes": {
            "arn": "arn:aws:iam::070564344893:user/Lucas",
            "force_destroy": false,
            "id": "Lucas",
            "name": "Lucas",
            "path": "/",
            "permissions_boundary": null,
            "tags": {},
            "tags_all": {},
            "unique_id": "AIDARA3PWOQ62YWAJVQJ7"
          },
          "sensitive_attributes": [],
          "private": "bnVsbA=="
        },
        {
          "index_key": 8,
          "schema_version": 0,
          "attributes": {
            "arn": "arn:aws:iam::070564344893:user/Henry",
            "force_destroy": false,
            "id": "Henry",
            "name": "Henry",
            "path": "/",
            "permissions_boundary": null,
            "tags": {},
            "tags_all": {},
            "unique_id": "AIDARA3PWOQ62SQKSCBDL"
          },
          "sensitive_attributes": [],
          "private": "bnVsbA=="
        }
      ]
    },
    {
      "mode": "managed",
      "type": "aws_iam_user",
      "name": "monitoring_users",
      "provider": "provider[\"registry.terraform.io/hashicorp/aws\"]",
      "instances": [
        {
          "index_key": 0,
          "schema_version": 0,
          "attributes": {
            "arn": "arn:aws:iam::070564344893:user/Daniel",
            "force_destroy": false,
            "id": "Daniel",
            "name": "Daniel",
            "path": "/",
            "permissions_boundary": null,
            "tags": {},
            "tags_all": {},
            "unique_id": "AIDARA3PWOQ63B5YWQDMC"
          },
          "sensitive_attributes": [],
          "private": "bnVsbA=="
        },
        {
          "index_key": 1,
          "schema_version": 0,
          "attributes": {
            "arn": "arn:aws:iam::070564344893:user/Michael",
            "force_destroy": false,
            "id": "Michael",
            "name": "Michael",
            "path": "/",
            "permissions_boundary": null,
            "tags": {},
            "tags_all": {},
            "unique_id": "AIDARA3PWOQ6S444VGO2E"
          },
          "sensitive_attributes": [],
          "private": "bnVsbA=="
        },
        {
          "index_key": 2,
          "schema_version": 0,
          "attributes": {
            "arn": "arn:aws:iam::070564344893:user/Mason",
            "force_destroy": false,
            "id": "Mason",
            "name": "Mason",
            "path": "/",
            "permissions_boundary": null,
            "tags": {},
            "tags_all": {},
            "unique_id": "AIDARA3PWOQ6XGTPH23K7"
          },
          "sensitive_attributes": [],
          "private": "bnVsbA=="
        },
        {
          "index_key": 3,
          "schema_version": 0,
          "attributes": {
            "arn": "arn:aws:iam::070564344893:user/Sebastian",
            "force_destroy": false,
            "id": "Sebastian",
            "name": "Sebastian",
            "path": "/",
            "permissions_boundary": null,
            "tags": {},
            "tags_all": {},
            "unique_id": "AIDARA3PWOQ6SE7FXQEYL"
          },
          "sensitive_attributes": [],
          "private": "bnVsbA=="
        },
        {
          "index_key": 4,
          "schema_version": 0,
          "attributes": {
            "arn": "arn:aws:iam::070564344893:user/Ethan",
            "force_destroy": false,
            "id": "Ethan",
            "name": "Ethan",
            "path": "/",
            "permissions_boundary": null,
            "tags": {},
            "tags_all": {},
            "unique_id": "AIDARA3PWOQ62YJAWFW3U"
          },
          "sensitive_attributes": [],
          "private": "bnVsbA=="
        }
      ]
    },
    {
      "mode": "managed",
      "type": "aws_iam_user",
      "name": "ops_users",
      "provider": "provider[\"registry.terraform.io/hashicorp/aws\"]",
      "instances": [
        {
          "index_key": 0,
          "schema_version": 0,
          "attributes": {
            "arn": "arn:aws:iam::070564344893:user/Theodore",
            "force_destroy": false,
            "id": "Theodore",
            "name": "Theodore",
            "path": "/",
            "permissions_boundary": null,
            "tags": {},
            "tags_all": {},
            "unique_id": "AIDARA3PWOQ6V54T3N2IR"
          },
          "sensitive_attributes": [],
          "private": "bnVsbA=="
        },
        {
          "index_key": 1,
          "schema_version": 0,
          "attributes": {
            "arn": "arn:aws:iam::070564344893:user/Jack",
            "force_destroy": false,
            "id": "Jack",
            "name": "Jack",
            "path": "/",
            "permissions_boundary": null,
            "tags": {},
            "tags_all": {},
            "unique_id": "AIDARA3PWOQ66MHM7KFGB"
          },
          "sensitive_attributes": [],
          "private": "bnVsbA=="
        },
        {
          "index_key": 2,
          "schema_version": 0,
          "attributes": {
            "arn": "arn:aws:iam::070564344893:user/Levi",
            "force_destroy": false,
            "id": "Levi",
            "name": "Levi",
            "path": "/",
            "permissions_boundary": null,
            "tags": {},
            "tags_all": {},
            "unique_id": "AIDARA3PWOQ6TQWUODB62"
          },
          "sensitive_attributes": [],
          "private": "bnVsbA=="
        },
        {
          "index_key": 3,
          "schema_version": 0,
          "attributes": {
            "arn": "arn:aws:iam::070564344893:user/Alexander",
            "force_destroy": false,
            "id": "Alexander",
            "name": "Alexander",
            "path": "/",
            "permissions_boundary": null,
            "tags": {},
            "tags_all": {},
            "unique_id": "AIDARA3PWOQ6TPMLALNRS"
          },
          "sensitive_attributes": [],
          "private": "bnVsbA=="
        },
        {
          "index_key": 4,
          "schema_version": 0,
          "attributes": {
            "arn": "arn:aws:iam::070564344893:user/Jackson",
            "force_destroy": false,
            "id": "Jackson",
            "name": "Jackson",
            "path": "/",
            "permissions_boundary": null,
            "tags": {},
            "tags_all": {},
            "unique_id": "AIDARA3PWOQ63O2CJ6S3L"
          },
          "sensitive_attributes": [],
          "private": "bnVsbA=="
        },
        {
          "index_key": 5,
          "schema_version": 0,
          "attributes": {
            "arn": "arn:aws:iam::070564344893:user/Mateo",
            "force_destroy": false,
            "id": "Mateo",
            "name": "Mateo",
            "path": "/",
            "permissions_boundary": null,
            "tags": {},
            "tags_all": {},
            "unique_id": "AIDARA3PWOQ63KXNH3CDP"
          },
          "sensitive_attributes": [],
          "private": "bnVsbA=="
        }
      ]
    }
  ],
  "check_results": null
}
